// !$*UTF8*$!
{
	archiveVersion = 1;
	classes = {
	};
	objectVersion = 56;
	objects = {

/* Begin PBXBuildFile section */
		3E1A12F3295D8C4D006A1286 /* LandmarkList.swift in Sources */ = {isa = PBXBuildFile; fileRef = 3E1A12F2295D8C4D006A1286 /* LandmarkList.swift */; };
		3E1A12F5295D8DD5006A1286 /* LandmarkDetail.swift in Sources */ = {isa = PBXBuildFile; fileRef = 3E1A12F4295D8DD5006A1286 /* LandmarkDetail.swift */; };
		3E1A12F7295DA073006A1286 /* FavoriteButton.swift in Sources */ = {isa = PBXBuildFile; fileRef = 3E1A12F6295DA073006A1286 /* FavoriteButton.swift */; };
		3E1A12FB295E892D006A1286 /* HexagonParameters.swift in Sources */ = {isa = PBXBuildFile; fileRef = 3E1A12FA295E892D006A1286 /* HexagonParameters.swift */; };
		3E1A12FD295E8BA5006A1286 /* BadgeBackground.swift in Sources */ = {isa = PBXBuildFile; fileRef = 3E1A12FC295E8BA5006A1286 /* BadgeBackground.swift */; };
		3E1A12FF295E914C006A1286 /* BadgeSymbol.swift in Sources */ = {isa = PBXBuildFile; fileRef = 3E1A12FE295E914C006A1286 /* BadgeSymbol.swift */; };
		3E1A1301295E92BA006A1286 /* RotatedBadgeSymbol.swift in Sources */ = {isa = PBXBuildFile; fileRef = 3E1A1300295E92BA006A1286 /* RotatedBadgeSymbol.swift */; };
		3E1A1303295E93C2006A1286 /* Badge.swift in Sources */ = {isa = PBXBuildFile; fileRef = 3E1A1302295E93C2006A1286 /* Badge.swift */; };
		3E1A1306295E9C21006A1286 /* hikeData.json in Resources */ = {isa = PBXBuildFile; fileRef = 3E1A1305295E9C21006A1286 /* hikeData.json */; };
		3E1A1308295E9C73006A1286 /* Hike.swift in Sources */ = {isa = PBXBuildFile; fileRef = 3E1A1307295E9C73006A1286 /* Hike.swift */; };
		3E1A130E295E9E32006A1286 /* GraphCapsule.swift in Sources */ = {isa = PBXBuildFile; fileRef = 3E1A130A295E9E32006A1286 /* GraphCapsule.swift */; };
		3E1A130F295E9E32006A1286 /* HikeGraph.swift in Sources */ = {isa = PBXBuildFile; fileRef = 3E1A130B295E9E32006A1286 /* HikeGraph.swift */; };
		3E1A1310295E9E32006A1286 /* HikeDetail.swift in Sources */ = {isa = PBXBuildFile; fileRef = 3E1A130C295E9E32006A1286 /* HikeDetail.swift */; };
		3E1A1311295E9E32006A1286 /* HikeView.swift in Sources */ = {isa = PBXBuildFile; fileRef = 3E1A130D295E9E32006A1286 /* HikeView.swift */; };
		3E1A1313295EC8E8006A1286 /* CategoryHome.swift in Sources */ = {isa = PBXBuildFile; fileRef = 3E1A1312295EC8E8006A1286 /* CategoryHome.swift */; };
		3E1A1315295ECD6E006A1286 /* CategoryRow.swift in Sources */ = {isa = PBXBuildFile; fileRef = 3E1A1314295ECD6E006A1286 /* CategoryRow.swift */; };
		3E1A1317295ECF9E006A1286 /* CategoryItem.swift in Sources */ = {isa = PBXBuildFile; fileRef = 3E1A1316295ECF9E006A1286 /* CategoryItem.swift */; };
		3E1A1319295EE430006A1286 /* Profile.swift in Sources */ = {isa = PBXBuildFile; fileRef = 3E1A1318295EE430006A1286 /* Profile.swift */; };
		3E1A131D295EE52A006A1286 /* ProfileHost.swift in Sources */ = {isa = PBXBuildFile; fileRef = 3E1A131C295EE52A006A1286 /* ProfileHost.swift */; };
		3E1A131F295EE5A3006A1286 /* ProfileSummary.swift in Sources */ = {isa = PBXBuildFile; fileRef = 3E1A131E295EE5A3006A1286 /* ProfileSummary.swift */; };
		3E1A1321295EE730006A1286 /* HikeBadge.swift in Sources */ = {isa = PBXBuildFile; fileRef = 3E1A1320295EE730006A1286 /* HikeBadge.swift */; };
		3E1A1323295EEFD1006A1286 /* ProfileEditor.swift in Sources */ = {isa = PBXBuildFile; fileRef = 3E1A1322295EEFD1006A1286 /* ProfileEditor.swift */; };
		3E3F66F3295D72AD00414F48 /* LandmarksApp.swift in Sources */ = {isa = PBXBuildFile; fileRef = 3E3F66F2295D72AD00414F48 /* LandmarksApp.swift */; };
		3E3F66F5295D72AD00414F48 /* ContentView.swift in Sources */ = {isa = PBXBuildFile; fileRef = 3E3F66F4295D72AD00414F48 /* ContentView.swift */; };
		3E3F66F7295D72AD00414F48 /* Assets.xcassets in Resources */ = {isa = PBXBuildFile; fileRef = 3E3F66F6295D72AD00414F48 /* Assets.xcassets */; };
		3E3F66FA295D72AD00414F48 /* Preview Assets.xcassets in Resources */ = {isa = PBXBuildFile; fileRef = 3E3F66F9295D72AD00414F48 /* Preview Assets.xcassets */; };
		3E3F6701295D797600414F48 /* CircleImage.swift in Sources */ = {isa = PBXBuildFile; fileRef = 3E3F6700295D797600414F48 /* CircleImage.swift */; };
		3E3F6703295D7B8900414F48 /* MapView.swift in Sources */ = {isa = PBXBuildFile; fileRef = 3E3F6702295D7B8900414F48 /* MapView.swift */; };
		3E3F6707295D810100414F48 /* landmarkData.json in Resources */ = {isa = PBXBuildFile; fileRef = 3E3F6706295D810100414F48 /* landmarkData.json */; };
		3E3F6709295D813B00414F48 /* Landmark.swift in Sources */ = {isa = PBXBuildFile; fileRef = 3E3F6708295D813B00414F48 /* Landmark.swift */; };
		3E3F670B295D83BB00414F48 /* ModelData.swift in Sources */ = {isa = PBXBuildFile; fileRef = 3E3F670A295D83BB00414F48 /* ModelData.swift */; };
		3E3F6710295D869300414F48 /* LandmarkRow.swift in Sources */ = {isa = PBXBuildFile; fileRef = 3E3F670F295D869300414F48 /* LandmarkRow.swift */; };
/* End PBXBuildFile section */

/* Begin PBXFileReference section */
		3E1A12F2295D8C4D006A1286 /* LandmarkList.swift */ = {isa = PBXFileReference; lastKnownFileType = sourcecode.swift; name = LandmarkList.swift; path = Landmarks/Views/Landmarks/LandmarkList.swift; sourceTree = SOURCE_ROOT; };
		3E1A12F4295D8DD5006A1286 /* LandmarkDetail.swift */ = {isa = PBXFileReference; lastKnownFileType = sourcecode.swift; path = LandmarkDetail.swift; sourceTree = "<group>"; };
		3E1A12F6295DA073006A1286 /* FavoriteButton.swift */ = {isa = PBXFileReference; lastKnownFileType = sourcecode.swift; path = FavoriteButton.swift; sourceTree = "<group>"; };
		3E1A12FA295E892D006A1286 /* HexagonParameters.swift */ = {isa = PBXFileReference; lastKnownFileType = sourcecode.swift; path = HexagonParameters.swift; sourceTree = "<group>"; };
		3E1A12FC295E8BA5006A1286 /* BadgeBackground.swift */ = {isa = PBXFileReference; lastKnownFileType = sourcecode.swift; path = BadgeBackground.swift; sourceTree = "<group>"; };
		3E1A12FE295E914C006A1286 /* BadgeSymbol.swift */ = {isa = PBXFileReference; lastKnownFileType = sourcecode.swift; path = BadgeSymbol.swift; sourceTree = "<group>"; };
		3E1A1300295E92BA006A1286 /* RotatedBadgeSymbol.swift */ = {isa = PBXFileReference; lastKnownFileType = sourcecode.swift; path = RotatedBadgeSymbol.swift; sourceTree = "<group>"; };
		3E1A1302295E93C2006A1286 /* Badge.swift */ = {isa = PBXFileReference; lastKnownFileType = sourcecode.swift; path = Badge.swift; sourceTree = "<group>"; };
		3E1A1305295E9C21006A1286 /* hikeData.json */ = {isa = PBXFileReference; fileEncoding = 4; lastKnownFileType = text.json; path = hikeData.json; sourceTree = "<group>"; };
		3E1A1307295E9C73006A1286 /* Hike.swift */ = {isa = PBXFileReference; lastKnownFileType = sourcecode.swift; path = Hike.swift; sourceTree = "<group>"; };
		3E1A130A295E9E32006A1286 /* GraphCapsule.swift */ = {isa = PBXFileReference; fileEncoding = 4; lastKnownFileType = sourcecode.swift; path = GraphCapsule.swift; sourceTree = "<group>"; };
		3E1A130B295E9E32006A1286 /* HikeGraph.swift */ = {isa = PBXFileReference; fileEncoding = 4; lastKnownFileType = sourcecode.swift; path = HikeGraph.swift; sourceTree = "<group>"; };
		3E1A130C295E9E32006A1286 /* HikeDetail.swift */ = {isa = PBXFileReference; fileEncoding = 4; lastKnownFileType = sourcecode.swift; path = HikeDetail.swift; sourceTree = "<group>"; };
		3E1A130D295E9E32006A1286 /* HikeView.swift */ = {isa = PBXFileReference; fileEncoding = 4; lastKnownFileType = sourcecode.swift; path = HikeView.swift; sourceTree = "<group>"; };
		3E1A1312295EC8E8006A1286 /* CategoryHome.swift */ = {isa = PBXFileReference; lastKnownFileType = sourcecode.swift; path = CategoryHome.swift; sourceTree = "<group>"; };
		3E1A1314295ECD6E006A1286 /* CategoryRow.swift */ = {isa = PBXFileReference; lastKnownFileType = sourcecode.swift; path = CategoryRow.swift; sourceTree = "<group>"; };
		3E1A1316295ECF9E006A1286 /* CategoryItem.swift */ = {isa = PBXFileReference; lastKnownFileType = sourcecode.swift; path = CategoryItem.swift; sourceTree = "<group>"; };
		3E1A1318295EE430006A1286 /* Profile.swift */ = {isa = PBXFileReference; lastKnownFileType = sourcecode.swift; path = Profile.swift; sourceTree = "<group>"; };
		3E1A131C295EE52A006A1286 /* ProfileHost.swift */ = {isa = PBXFileReference; lastKnownFileType = sourcecode.swift; path = ProfileHost.swift; sourceTree = "<group>"; };
		3E1A131E295EE5A3006A1286 /* ProfileSummary.swift */ = {isa = PBXFileReference; lastKnownFileType = sourcecode.swift; path = ProfileSummary.swift; sourceTree = "<group>"; };
		3E1A1320295EE730006A1286 /* HikeBadge.swift */ = {isa = PBXFileReference; lastKnownFileType = sourcecode.swift; path = HikeBadge.swift; sourceTree = "<group>"; };
		3E1A1322295EEFD1006A1286 /* ProfileEditor.swift */ = {isa = PBXFileReference; lastKnownFileType = sourcecode.swift; path = ProfileEditor.swift; sourceTree = "<group>"; };
		3E3F66EF295D72AD00414F48 /* Landmarks.app */ = {isa = PBXFileReference; explicitFileType = wrapper.application; includeInIndex = 0; path = Landmarks.app; sourceTree = BUILT_PRODUCTS_DIR; };
		3E3F66F2295D72AD00414F48 /* LandmarksApp.swift */ = {isa = PBXFileReference; lastKnownFileType = sourcecode.swift; path = LandmarksApp.swift; sourceTree = "<group>"; };
		3E3F66F4295D72AD00414F48 /* ContentView.swift */ = {isa = PBXFileReference; lastKnownFileType = sourcecode.swift; path = ContentView.swift; sourceTree = "<group>"; };
		3E3F66F6295D72AD00414F48 /* Assets.xcassets */ = {isa = PBXFileReference; lastKnownFileType = folder.assetcatalog; path = Assets.xcassets; sourceTree = "<group>"; };
		3E3F66F9295D72AD00414F48 /* Preview Assets.xcassets */ = {isa = PBXFileReference; lastKnownFileType = folder.assetcatalog; path = "Preview Assets.xcassets"; sourceTree = "<group>"; };
		3E3F6700295D797600414F48 /* CircleImage.swift */ = {isa = PBXFileReference; lastKnownFileType = sourcecode.swift; path = CircleImage.swift; sourceTree = "<group>"; };
		3E3F6702295D7B8900414F48 /* MapView.swift */ = {isa = PBXFileReference; lastKnownFileType = sourcecode.swift; path = MapView.swift; sourceTree = "<group>"; };
		3E3F6706295D810100414F48 /* landmarkData.json */ = {isa = PBXFileReference; fileEncoding = 4; lastKnownFileType = text.json; path = landmarkData.json; sourceTree = "<group>"; };
		3E3F6708295D813B00414F48 /* Landmark.swift */ = {isa = PBXFileReference; lastKnownFileType = sourcecode.swift; path = Landmark.swift; sourceTree = "<group>"; };
		3E3F670A295D83BB00414F48 /* ModelData.swift */ = {isa = PBXFileReference; lastKnownFileType = sourcecode.swift; path = ModelData.swift; sourceTree = "<group>"; };
		3E3F670F295D869300414F48 /* LandmarkRow.swift */ = {isa = PBXFileReference; lastKnownFileType = sourcecode.swift; path = LandmarkRow.swift; sourceTree = "<group>"; };
/* End PBXFileReference section */

/* Begin PBXFrameworksBuildPhase section */
		3E3F66EC295D72AD00414F48 /* Frameworks */ = {
			isa = PBXFrameworksBuildPhase;
			buildActionMask = 2147483647;
			files = (
			);
			runOnlyForDeploymentPostprocessing = 0;
		};
/* End PBXFrameworksBuildPhase section */

/* Begin PBXGroup section */
		3E1A12F8295DA165006A1286 /* Helpers */ = {
			isa = PBXGroup;
			children = (
				3E3F6700295D797600414F48 /* CircleImage.swift */,
				3E3F6702295D7B8900414F48 /* MapView.swift */,
				3E1A12F6295DA073006A1286 /* FavoriteButton.swift */,
			);
			path = Helpers;
			sourceTree = "<group>";
		};
		3E1A12F9295DA180006A1286 /* Landmarks */ = {
			isa = PBXGroup;
			children = (
				3E1A12F2295D8C4D006A1286 /* LandmarkList.swift */,
				3E3F670F295D869300414F48 /* LandmarkRow.swift */,
				3E1A12F4295D8DD5006A1286 /* LandmarkDetail.swift */,
			);
			path = Landmarks;
			sourceTree = "<group>";
		};
		3E1A1304295E954D006A1286 /* Badges */ = {
			isa = PBXGroup;
			children = (
				3E1A12FA295E892D006A1286 /* HexagonParameters.swift */,
				3E1A12FC295E8BA5006A1286 /* BadgeBackground.swift */,
				3E1A12FE295E914C006A1286 /* BadgeSymbol.swift */,
				3E1A1300295E92BA006A1286 /* RotatedBadgeSymbol.swift */,
				3E1A1302295E93C2006A1286 /* Badge.swift */,
			);
			path = Badges;
			sourceTree = "<group>";
		};
		3E1A1309295E9E32006A1286 /* Hikes */ = {
			isa = PBXGroup;
			children = (
				3E1A130A295E9E32006A1286 /* GraphCapsule.swift */,
				3E1A130B295E9E32006A1286 /* HikeGraph.swift */,
				3E1A130C295E9E32006A1286 /* HikeDetail.swift */,
				3E1A130D295E9E32006A1286 /* HikeView.swift */,
				3E1A1320295EE730006A1286 /* HikeBadge.swift */,
			);
			path = Hikes;
			sourceTree = "<group>";
		};
		3E1A131A295EE4F0006A1286 /* Categories */ = {
			isa = PBXGroup;
			children = (
				3E1A1312295EC8E8006A1286 /* CategoryHome.swift */,
				3E1A1314295ECD6E006A1286 /* CategoryRow.swift */,
				3E1A1316295ECF9E006A1286 /* CategoryItem.swift */,
			);
			path = Categories;
			sourceTree = "<group>";
		};
		3E1A131B295EE517006A1286 /* Profiles */ = {
			isa = PBXGroup;
			children = (
				3E1A131C295EE52A006A1286 /* ProfileHost.swift */,
				3E1A131E295EE5A3006A1286 /* ProfileSummary.swift */,
				3E1A1322295EEFD1006A1286 /* ProfileEditor.swift */,
			);
			path = Profiles;
			sourceTree = "<group>";
		};
		3E3F66E6295D72AD00414F48 = {
			isa = PBXGroup;
			children = (
				3E3F66F1295D72AD00414F48 /* Landmarks */,
				3E3F66F0295D72AD00414F48 /* Products */,
			);
			sourceTree = "<group>";
		};
		3E3F66F0295D72AD00414F48 /* Products */ = {
			isa = PBXGroup;
			children = (
				3E3F66EF295D72AD00414F48 /* Landmarks.app */,
			);
			name = Products;
			sourceTree = "<group>";
		};
		3E3F66F1295D72AD00414F48 /* Landmarks */ = {
			isa = PBXGroup;
			children = (
				3E3F66F2295D72AD00414F48 /* LandmarksApp.swift */,
				3E3F66F6295D72AD00414F48 /* Assets.xcassets */,
				3E3F670D295D85A900414F48 /* Model */,
				3E3F66F8295D72AD00414F48 /* Preview Content */,
				3E3F670E295D85C300414F48 /* Resources */,
				3E3F670C295D857400414F48 /* Views */,
			);
			path = Landmarks;
			sourceTree = "<group>";
		};
		3E3F66F8295D72AD00414F48 /* Preview Content */ = {
			isa = PBXGroup;
			children = (
				3E3F66F9295D72AD00414F48 /* Preview Assets.xcassets */,
			);
			path = "Preview Content";
			sourceTree = "<group>";
		};
		3E3F670C295D857400414F48 /* Views */ = {
			isa = PBXGroup;
			children = (
				3E1A131B295EE517006A1286 /* Profiles */,
				3E1A1309295E9E32006A1286 /* Hikes */,
				3E1A12F9295DA180006A1286 /* Landmarks */,
				3E3F66F4295D72AD00414F48 /* ContentView.swift */,
				3E1A12F8295DA165006A1286 /* Helpers */,
				3E1A1304295E954D006A1286 /* Badges */,
				3E1A131A295EE4F0006A1286 /* Categories */,
			);
			path = Views;
			sourceTree = "<group>";
		};
		3E3F670D295D85A900414F48 /* Model */ = {
			isa = PBXGroup;
			children = (
				3E3F6708295D813B00414F48 /* Landmark.swift */,
				3E3F670A295D83BB00414F48 /* ModelData.swift */,
				3E1A1307295E9C73006A1286 /* Hike.swift */,
				3E1A1318295EE430006A1286 /* Profile.swift */,
			);
			path = Model;
			sourceTree = "<group>";
		};
		3E3F670E295D85C300414F48 /* Resources */ = {
			isa = PBXGroup;
			children = (
				3E1A1305295E9C21006A1286 /* hikeData.json */,
				3E3F6706295D810100414F48 /* landmarkData.json */,
			);
			path = Resources;
			sourceTree = "<group>";
		};
/* End PBXGroup section */

/* Begin PBXNativeTarget section */
		3E3F66EE295D72AD00414F48 /* Landmarks */ = {
			isa = PBXNativeTarget;
			buildConfigurationList = 3E3F66FD295D72AD00414F48 /* Build configuration list for PBXNativeTarget "Landmarks" */;
			buildPhases = (
				3E3F66EB295D72AD00414F48 /* Sources */,
				3E3F66EC295D72AD00414F48 /* Frameworks */,
				3E3F66ED295D72AD00414F48 /* Resources */,
			);
			buildRules = (
			);
			dependencies = (
			);
			name = Landmarks;
			productName = Landmarks;
			productReference = 3E3F66EF295D72AD00414F48 /* Landmarks.app */;
			productType = "com.apple.product-type.application";
		};
/* End PBXNativeTarget section */

/* Begin PBXProject section */
		3E3F66E7295D72AD00414F48 /* Project object */ = {
			isa = PBXProject;
			attributes = {
				BuildIndependentTargetsInParallel = 1;
				LastSwiftUpdateCheck = 1420;
				LastUpgradeCheck = 1420;
				TargetAttributes = {
					3E3F66EE295D72AD00414F48 = {
						CreatedOnToolsVersion = 14.2;
					};
				};
			};
			buildConfigurationList = 3E3F66EA295D72AD00414F48 /* Build configuration list for PBXProject "Landmarks" */;
			compatibilityVersion = "Xcode 14.0";
			developmentRegion = en;
			hasScannedForEncodings = 0;
			knownRegions = (
				en,
				Base,
			);
			mainGroup = 3E3F66E6295D72AD00414F48;
			productRefGroup = 3E3F66F0295D72AD00414F48 /* Products */;
			projectDirPath = "";
			projectRoot = "";
			targets = (
				3E3F66EE295D72AD00414F48 /* Landmarks */,
			);
		};
/* End PBXProject section */

/* Begin PBXResourcesBuildPhase section */
		3E3F66ED295D72AD00414F48 /* Resources */ = {
			isa = PBXResourcesBuildPhase;
			buildActionMask = 2147483647;
			files = (
				3E1A1306295E9C21006A1286 /* hikeData.json in Resources */,
				3E3F66FA295D72AD00414F48 /* Preview Assets.xcassets in Resources */,
				3E3F6707295D810100414F48 /* landmarkData.json in Resources */,
				3E3F66F7295D72AD00414F48 /* Assets.xcassets in Resources */,
			);
			runOnlyForDeploymentPostprocessing = 0;
		};
/* End PBXResourcesBuildPhase section */

/* Begin PBXSourcesBuildPhase section */
		3E3F66EB295D72AD00414F48 /* Sources */ = {
			isa = PBXSourcesBuildPhase;
			buildActionMask = 2147483647;
			files = (
				3E1A1315295ECD6E006A1286 /* CategoryRow.swift in Sources */,
				3E1A1319295EE430006A1286 /* Profile.swift in Sources */,
				3E3F66F5295D72AD00414F48 /* ContentView.swift in Sources */,
				3E1A1313295EC8E8006A1286 /* CategoryHome.swift in Sources */,
				3E1A130F295E9E32006A1286 /* HikeGraph.swift in Sources */,
				3E1A1303295E93C2006A1286 /* Badge.swift in Sources */,
				3E3F6703295D7B8900414F48 /* MapView.swift in Sources */,
				3E1A130E295E9E32006A1286 /* GraphCapsule.swift in Sources */,
				3E3F66F3295D72AD00414F48 /* LandmarksApp.swift in Sources */,
				3E1A12F7295DA073006A1286 /* FavoriteButton.swift in Sources */,
				3E1A1317295ECF9E006A1286 /* CategoryItem.swift in Sources */,
				3E1A1310295E9E32006A1286 /* HikeDetail.swift in Sources */,
				3E1A131F295EE5A3006A1286 /* ProfileSummary.swift in Sources */,
				3E1A12FB295E892D006A1286 /* HexagonParameters.swift in Sources */,
				3E1A131D295EE52A006A1286 /* ProfileHost.swift in Sources */,
				3E1A1308295E9C73006A1286 /* Hike.swift in Sources */,
				3E1A1301295E92BA006A1286 /* RotatedBadgeSymbol.swift in Sources */,
				3E1A12FF295E914C006A1286 /* BadgeSymbol.swift in Sources */,
				3E1A1323295EEFD1006A1286 /* ProfileEditor.swift in Sources */,
				3E1A12F3295D8C4D006A1286 /* LandmarkList.swift in Sources */,
				3E1A1311295E9E32006A1286 /* HikeView.swift in Sources */,
				3E1A12F5295D8DD5006A1286 /* LandmarkDetail.swift in Sources */,
				3E1A12FD295E8BA5006A1286 /* BadgeBackground.swift in Sources */,
				3E1A1321295EE730006A1286 /* HikeBadge.swift in Sources */,
				3E3F6701295D797600414F48 /* CircleImage.swift in Sources */,
				3E3F6709295D813B00414F48 /* Landmark.swift in Sources */,
				3E3F6710295D869300414F48 /* LandmarkRow.swift in Sources */,
				3E3F670B295D83BB00414F48 /* ModelData.swift in Sources */,
			);
			runOnlyForDeploymentPostprocessing = 0;
		};
/* End PBXSourcesBuildPhase section */

/* Begin XCBuildConfiguration section */
		3E3F66FB295D72AD00414F48 /* Debug */ = {
			isa = XCBuildConfiguration;
			buildSettings = {
				ALWAYS_SEARCH_USER_PATHS = NO;
				CLANG_ANALYZER_NONNULL = YES;
				CLANG_ANALYZER_NUMBER_OBJECT_CONVERSION = YES_AGGRESSIVE;
				CLANG_CXX_LANGUAGE_STANDARD = "gnu++20";
				CLANG_ENABLE_MODULES = YES;
				CLANG_ENABLE_OBJC_ARC = YES;
				CLANG_ENABLE_OBJC_WEAK = YES;
				CLANG_WARN_BLOCK_CAPTURE_AUTORELEASING = YES;
				CLANG_WARN_BOOL_CONVERSION = YES;
				CLANG_WARN_COMMA = YES;
				CLANG_WARN_CONSTANT_CONVERSION = YES;
				CLANG_WARN_DEPRECATED_OBJC_IMPLEMENTATIONS = YES;
				CLANG_WARN_DIRECT_OBJC_ISA_USAGE = YES_ERROR;
				CLANG_WARN_DOCUMENTATION_COMMENTS = YES;
				CLANG_WARN_EMPTY_BODY = YES;
				CLANG_WARN_ENUM_CONVERSION = YES;
				CLANG_WARN_INFINITE_RECURSION = YES;
				CLANG_WARN_INT_CONVERSION = YES;
				CLANG_WARN_NON_LITERAL_NULL_CONVERSION = YES;
				CLANG_WARN_OBJC_IMPLICIT_RETAIN_SELF = YES;
				CLANG_WARN_OBJC_LITERAL_CONVERSION = YES;
				CLANG_WARN_OBJC_ROOT_CLASS = YES_ERROR;
				CLANG_WARN_QUOTED_INCLUDE_IN_FRAMEWORK_HEADER = YES;
				CLANG_WARN_RANGE_LOOP_ANALYSIS = YES;
				CLANG_WARN_STRICT_PROTOTYPES = YES;
				CLANG_WARN_SUSPICIOUS_MOVE = YES;
				CLANG_WARN_UNGUARDED_AVAILABILITY = YES_AGGRESSIVE;
				CLANG_WARN_UNREACHABLE_CODE = YES;
				CLANG_WARN__DUPLICATE_METHOD_MATCH = YES;
				COPY_PHASE_STRIP = NO;
				DEBUG_INFORMATION_FORMAT = dwarf;
				ENABLE_STRICT_OBJC_MSGSEND = YES;
				ENABLE_TESTABILITY = YES;
				GCC_C_LANGUAGE_STANDARD = gnu11;
				GCC_DYNAMIC_NO_PIC = NO;
				GCC_NO_COMMON_BLOCKS = YES;
				GCC_OPTIMIZATION_LEVEL = 0;
				GCC_PREPROCESSOR_DEFINITIONS = (
					"DEBUG=1",
					"$(inherited)",
				);
				GCC_WARN_64_TO_32_BIT_CONVERSION = YES;
				GCC_WARN_ABOUT_RETURN_TYPE = YES_ERROR;
				GCC_WARN_UNDECLARED_SELECTOR = YES;
				GCC_WARN_UNINITIALIZED_AUTOS = YES_AGGRESSIVE;
				GCC_WARN_UNUSED_FUNCTION = YES;
				GCC_WARN_UNUSED_VARIABLE = YES;
				IPHONEOS_DEPLOYMENT_TARGET = 16.2;
				MTL_ENABLE_DEBUG_INFO = INCLUDE_SOURCE;
				MTL_FAST_MATH = YES;
				ONLY_ACTIVE_ARCH = YES;
				SDKROOT = iphoneos;
				SWIFT_ACTIVE_COMPILATION_CONDITIONS = DEBUG;
				SWIFT_OPTIMIZATION_LEVEL = "-Onone";
			};
			name = Debug;
		};
		3E3F66FC295D72AD00414F48 /* Release */ = {
			isa = XCBuildConfiguration;
			buildSettings = {
				ALWAYS_SEARCH_USER_PATHS = NO;
				CLANG_ANALYZER_NONNULL = YES;
				CLANG_ANALYZER_NUMBER_OBJECT_CONVERSION = YES_AGGRESSIVE;
				CLANG_CXX_LANGUAGE_STANDARD = "gnu++20";
				CLANG_ENABLE_MODULES = YES;
				CLANG_ENABLE_OBJC_ARC = YES;
				CLANG_ENABLE_OBJC_WEAK = YES;
				CLANG_WARN_BLOCK_CAPTURE_AUTORELEASING = YES;
				CLANG_WARN_BOOL_CONVERSION = YES;
				CLANG_WARN_COMMA = YES;
				CLANG_WARN_CONSTANT_CONVERSION = YES;
				CLANG_WARN_DEPRECATED_OBJC_IMPLEMENTATIONS = YES;
				CLANG_WARN_DIRECT_OBJC_ISA_USAGE = YES_ERROR;
				CLANG_WARN_DOCUMENTATION_COMMENTS = YES;
				CLANG_WARN_EMPTY_BODY = YES;
				CLANG_WARN_ENUM_CONVERSION = YES;
				CLANG_WARN_INFINITE_RECURSION = YES;
				CLANG_WARN_INT_CONVERSION = YES;
				CLANG_WARN_NON_LITERAL_NULL_CONVERSION = YES;
				CLANG_WARN_OBJC_IMPLICIT_RETAIN_SELF = YES;
				CLANG_WARN_OBJC_LITERAL_CONVERSION = YES;
				CLANG_WARN_OBJC_ROOT_CLASS = YES_ERROR;
				CLANG_WARN_QUOTED_INCLUDE_IN_FRAMEWORK_HEADER = YES;
				CLANG_WARN_RANGE_LOOP_ANALYSIS = YES;
				CLANG_WARN_STRICT_PROTOTYPES = YES;
				CLANG_WARN_SUSPICIOUS_MOVE = YES;
				CLANG_WARN_UNGUARDED_AVAILABILITY = YES_AGGRESSIVE;
				CLANG_WARN_UNREACHABLE_CODE = YES;
				CLANG_WARN__DUPLICATE_METHOD_MATCH = YES;
				COPY_PHASE_STRIP = NO;
				DEBUG_INFORMATION_FORMAT = "dwarf-with-dsym";
				ENABLE_NS_ASSERTIONS = NO;
				ENABLE_STRICT_OBJC_MSGSEND = YES;
				GCC_C_LANGUAGE_STANDARD = gnu11;
				GCC_NO_COMMON_BLOCKS = YES;
				GCC_WARN_64_TO_32_BIT_CONVERSION = YES;
				GCC_WARN_ABOUT_RETURN_TYPE = YES_ERROR;
				GCC_WARN_UNDECLARED_SELECTOR = YES;
				GCC_WARN_UNINITIALIZED_AUTOS = YES_AGGRESSIVE;
				GCC_WARN_UNUSED_FUNCTION = YES;
				GCC_WARN_UNUSED_VARIABLE = YES;
				IPHONEOS_DEPLOYMENT_TARGET = 16.2;
				MTL_ENABLE_DEBUG_INFO = NO;
				MTL_FAST_MATH = YES;
				SDKROOT = iphoneos;
				SWIFT_COMPILATION_MODE = wholemodule;
				SWIFT_OPTIMIZATION_LEVEL = "-O";
				VALIDATE_PRODUCT = YES;
			};
			name = Release;
		};
		3E3F66FE295D72AD00414F48 /* Debug */ = {
			isa = XCBuildConfiguration;
			buildSettings = {
				ASSETCATALOG_COMPILER_APPICON_NAME = AppIcon;
				ASSETCATALOG_COMPILER_GLOBAL_ACCENT_COLOR_NAME = AccentColor;
				CODE_SIGN_STYLE = Automatic;
				CURRENT_PROJECT_VERSION = 1;
				DEVELOPMENT_ASSET_PATHS = "\"Landmarks/Preview Content\"";
				ENABLE_PREVIEWS = YES;
				GENERATE_INFOPLIST_FILE = YES;
				INFOPLIST_KEY_UIApplicationSceneManifest_Generation = YES;
				INFOPLIST_KEY_UIApplicationSupportsIndirectInputEvents = YES;
				INFOPLIST_KEY_UILaunchScreen_Generation = YES;
				INFOPLIST_KEY_UISupportedInterfaceOrientations_iPad = "UIInterfaceOrientationPortrait UIInterfaceOrientationPortraitUpsideDown UIInterfaceOrientationLandscapeLeft UIInterfaceOrientationLandscapeRight";
				INFOPLIST_KEY_UISupportedInterfaceOrientations_iPhone = "UIInterfaceOrientationPortrait UIInterfaceOrientationLandscapeLeft UIInterfaceOrientationLandscapeRight";
				LD_RUNPATH_SEARCH_PATHS = (
					"$(inherited)",
					"@executable_path/Frameworks",
				);
				MARKETING_VERSION = 1.0;
				PRODUCT_BUNDLE_IDENTIFIER = lin.Landmarks;
				PRODUCT_NAME = "$(TARGET_NAME)";
				SWIFT_EMIT_LOC_STRINGS = YES;
				SWIFT_VERSION = 5.0;
				TARGETED_DEVICE_FAMILY = "1,2";
			};
			name = Debug;
		};
		3E3F66FF295D72AD00414F48 /* Release */ = {
			isa = XCBuildConfiguration;
			buildSettings = {
				ASSETCATALOG_COMPILER_APPICON_NAME = AppIcon;
				ASSETCATALOG_COMPILER_GLOBAL_ACCENT_COLOR_NAME = AccentColor;
				CODE_SIGN_STYLE = Automatic;
				CURRENT_PROJECT_VERSION = 1;
				DEVELOPMENT_ASSET_PATHS = "\"Landmarks/Preview Content\"";
				ENABLE_PREVIEWS = YES;
				GENERATE_INFOPLIST_FILE = YES;
				INFOPLIST_KEY_UIApplicationSceneManifest_Generation = YES;
				INFOPLIST_KEY_UIApplicationSupportsIndirectInputEvents = YES;
				INFOPLIST_KEY_UILaunchScreen_Generation = YES;
				INFOPLIST_KEY_UISupportedInterfaceOrientations_iPad = "UIInterfaceOrientationPortrait UIInterfaceOrientationPortraitUpsideDown UIInterfaceOrientationLandscapeLeft UIInterfaceOrientationLandscapeRight";
				INFOPLIST_KEY_UISupportedInterfaceOrientations_iPhone = "UIInterfaceOrientationPortrait UIInterfaceOrientationLandscapeLeft UIInterfaceOrientationLandscapeRight";
				LD_RUNPATH_SEARCH_PATHS = (
					"$(inherited)",
					"@executable_path/Frameworks",
				);
				MARKETING_VERSION = 1.0;
				PRODUCT_BUNDLE_IDENTIFIER = lin.Landmarks;
				PRODUCT_NAME = "$(TARGET_NAME)";
				SWIFT_EMIT_LOC_STRINGS = YES;
				SWIFT_VERSION = 5.0;
				TARGETED_DEVICE_FAMILY = "1,2";
			};
			name = Release;
		};
/* End XCBuildConfiguration section */

/* Begin XCConfigurationList section */
		3E3F66EA295D72AD00414F48 /* Build configuration list for PBXProject "Landmarks" */ = {
			isa = XCConfigurationList;
			buildConfigurations = (
				3E3F66FB295D72AD00414F48 /* Debug */,
				3E3F66FC295D72AD00414F48 /* Release */,
			);
			defaultConfigurationIsVisible = 0;
			defaultConfigurationName = Release;
		};
		3E3F66FD295D72AD00414F48 /* Build configuration list for PBXNativeTarget "Landmarks" */ = {
			isa = XCConfigurationList;
			buildConfigurations = (
				3E3F66FE295D72AD00414F48 /* Debug */,
				3E3F66FF295D72AD00414F48 /* Release */,
			);
			defaultConfigurationIsVisible = 0;
			defaultConfigurationName = Release;
		};
/* End XCConfigurationList section */
	};
	rootObject = 3E3F66E7295D72AD00414F48 /* Project object */;
}
